
Microsoft Visual Studio Solution File, Format Version 12.00
# Visual Studio Version 16
VisualStudioVersion = 16.0.30907.101
MinimumVisualStudioVersion = 10.0.40219.1
Project("{9A19103F-16F7-4668-BE54-9A1E7A4F7556}") = "SourceCode2Pdf", "SourceCode2Pdf\SourceCode2Pdf.csproj", "{7924F38F-E159-4D0E-B6C7-23822EEADB0C}"
EndProject
Global
	GlobalSection(SolutionConfigurationPlatforms) = preSolution
		Debug|Any CPU = Debug|Any CPU
		Release|Any CPU = Release|Any CPU
	EndGlobalSection
	GlobalSection(ProjectConfigurationPlatforms) = postSolution
		{7924F38F-E159-4D0E-B6C7-23822EEADB0C}.Debug|Any CPU.ActiveCfg = Debug|Any CPU
		{7924F38F-E159-4D0E-B6C7-23822EEADB0C}.Debug|Any CPU.Build.0 = Debug|Any CPU
		{7924F38F-E159-4D0E-B6C7-23822EEADB0C}.Release|Any CPU.ActiveCfg = Release|Any CPU
		{7924F38F-E159-4D0E-B6C7-23822EEADB0C}.Release|Any CPU.Build.0 = Release|Any CPU
	EndGlobalSection
	GlobalSection(SolutionProperties) = preSolution
		HideSolutionNode = FALSE
	EndGlobalSection
	GlobalSection(ExtensibilityGlobals) = postSolution
		SolutionGuid = {86BC9C69-4CDC-4BE9-9F4C-70EAC40D1B4E}
	EndGlobalSection
EndGlobal
